
Microsoft Visual Studio Solution File, Format Version 12.00
# Visual Studio Version 17
VisualStudioVersion = 17.10.35122.118
MinimumVisualStudioVersion = 10.0.40219.1
Project("{FAE04EC0-301F-11D3-BF4B-00C04F79EFBC}") = "ComPort1", "ComPort1\ComPort1.csproj", "{2FFED831-1A75-4114-91E4-1E1D02C7AE8F}"
EndProject
Global
	GlobalSection(SolutionConfigurationPlatforms) = preSolution
		Debug|Any CPU = Debug|Any CPU
		Release|Any CPU = Release|Any CPU
	EndGlobalSection
	GlobalSection(ProjectConfigurationPlatforms) = postSolution
		{2FFED831-1A75-4114-91E4-1E1D02C7AE8F}.Debug|Any CPU.ActiveCfg = Debug|Any CPU
		{2FFED831-1A75-4114-91E4-1E1D02C7AE8F}.Debug|Any CPU.Build.0 = Debug|Any CPU
		{2FFED831-1A75-4114-91E4-1E1D02C7AE8F}.Release|Any CPU.ActiveCfg = Release|Any CPU
		{2FFED831-1A75-4114-91E4-1E1D02C7AE8F}.Release|Any CPU.Build.0 = Release|Any CPU
	EndGlobalSection
	GlobalSection(SolutionProperties) = preSolution
		HideSolutionNode = FALSE
	EndGlobalSection
	GlobalSection(ExtensibilityGlobals) = postSolution
		SolutionGuid = {BE06DE37-9B5A-432F-A876-9771E66A41E6}
	EndGlobalSection
EndGlobal
